# This file was autogenerated by Stack.
# You should not edit this file by hand.
# For more information, please see the documentation at:
#   https://docs.haskellstack.org/en/stable/lock_files

packages:
- completed:
    hackage: gitlib-3.1.3@sha256:7e8f940b380f6155be3bf20be9f363c3bfd3285bd26e0368f406a1c431994598,2935
    pantry-tree:
      size: 982
      sha256: dd61ec3d4a2446b20609823c013abea02874c9ca8887f23e7ac05af4bbe5a4b4
  original:
    hackage: gitlib-3.1.3@sha256:7e8f940b380f6155be3bf20be9f363c3bfd3285bd26e0368f406a1c431994598,2935
- completed:
    hackage: gitlib-libgit2-3.1.2.1@sha256:36bc92f117158440ca69e32051aabdf9df75be8a3fb5f45dff8828898e615a0a,2354
    pantry-tree:
      size: 516
      sha256: 47695cdeb7c1fb95a5c4bfd21bf46014554ccdd1e5059d5558a0348042044f39
  original:
    hackage: gitlib-libgit2-3.1.2.1@sha256:36bc92f117158440ca69e32051aabdf9df75be8a3fb5f45dff8828898e615a0a,2354
- completed:
    hackage: ginger-0.10.4.0@sha256:7ca26896395fda951443ed3bba5f24fd6036c44167d424e744d1e0c8c6b138fd,3855
    pantry-tree:
      size: 1430
      sha256: c3d93b51ba0e76853b217debb662cdcf5eca78288d49c809f823be27a072bfbf
  original:
    hackage: ginger-0.10.4.0@sha256:7ca26896395fda951443ed3bba5f24fd6036c44167d424e744d1e0c8c6b138fd,3855
snapshots:
- completed:
    size: 586296
    url: https://raw.githubusercontent.com/commercialhaskell/stackage-snapshots/master/lts/18/18.yaml
    sha256: 63539429076b7ebbab6daa7656cfb079393bf644971156dc349d7c0453694ac2
  original: lts-18.18
