# This file was autogenerated by Stack.
# You should not edit this file by hand.
# For more information, please see the documentation at:
#   https://docs.haskellstack.org/en/stable/lock_files

packages:
- completed:
    hackage: ginger-0.10.4.0@sha256:7ca26896395fda951443ed3bba5f24fd6036c44167d424e744d1e0c8c6b138fd,3855
    pantry-tree:
      sha256: c3d93b51ba0e76853b217debb662cdcf5eca78288d49c809f823be27a072bfbf
      size: 1430
  original:
    hackage: ginger-0.10.4.0@sha256:7ca26896395fda951443ed3bba5f24fd6036c44167d424e744d1e0c8c6b138fd,3855
snapshots:
- completed:
    sha256: b73b2b116143aea728c70e65c3239188998bac5bc3be56465813dacd74215dc5
    size: 648424
    url: https://raw.githubusercontent.com/commercialhaskell/stackage-snapshots/master/lts/20/1.yaml
  original: lts-20.1
