# This file was autogenerated by Stack.
# You should not edit this file by hand.
# For more information, please see the documentation at:
#   https://docs.haskellstack.org/en/stable/lock_files

packages:
- completed:
    hackage: ginger-0.10.4.0@sha256:7ca26896395fda951443ed3bba5f24fd6036c44167d424e744d1e0c8c6b138fd,3855
    pantry-tree:
      size: 1430
      sha256: c3d93b51ba0e76853b217debb662cdcf5eca78288d49c809f823be27a072bfbf
  original:
    hackage: ginger-0.10.4.0@sha256:7ca26896395fda951443ed3bba5f24fd6036c44167d424e744d1e0c8c6b138fd,3855
- completed:
    size: 86208
    subdir: gitlib
    url: https://github.com/m-col/gitlib/archive/1fb5d534e22d7aa6be858bb7b2075cd60c0606d8.tar.gz
    name: gitlib
    version: 3.1.3
    sha256: 8d5ed307dee32837a8d2fe92358e1060090a4b47bcb17579fdf8498bc7d10ecc
    pantry-tree:
      size: 1137
      sha256: 54c4748a607013867118457910708381ec413a35f901e53ecce204c8ef2eafb5
  original:
    subdir: gitlib
    url: https://github.com/m-col/gitlib/archive/1fb5d534e22d7aa6be858bb7b2075cd60c0606d8.tar.gz
- completed:
    size: 86208
    subdir: gitlib-libgit2
    url: https://github.com/m-col/gitlib/archive/1fb5d534e22d7aa6be858bb7b2075cd60c0606d8.tar.gz
    name: gitlib-libgit2
    version: 3.1.2.1
    sha256: 8d5ed307dee32837a8d2fe92358e1060090a4b47bcb17579fdf8498bc7d10ecc
    pantry-tree:
      size: 615
      sha256: 0a99f56fcf841f14c353e32a5e66ae3e6212e2958331060ab511c049b862c2b9
  original:
    subdir: gitlib-libgit2
    url: https://github.com/m-col/gitlib/archive/1fb5d534e22d7aa6be858bb7b2075cd60c0606d8.tar.gz
snapshots:
- completed:
    size: 586296
    url: https://raw.githubusercontent.com/commercialhaskell/stackage-snapshots/master/lts/18/18.yaml
    sha256: 63539429076b7ebbab6daa7656cfb079393bf644971156dc349d7c0453694ac2
  original: lts-18.18
